
Microsoft Visual Studio Solution File, Format Version 10.00
# Visual Studio 2008
Project("{8BC9CEB8-8B4A-11D0-8D11-00A0C91BC942}") = "R823_T", "R823_T\R823_T.vcproj", "{8E63373B-FD3F-4D09-ABE4-CCEAC021E76E}"
EndProject
Global
	GlobalSection(SolutionConfigurationPlatforms) = preSolution
		Debug|Win32 = Debug|Win32
		Release|Win32 = Release|Win32
	EndGlobalSection
	GlobalSection(ProjectConfigurationPlatforms) = postSolution
		{8E63373B-FD3F-4D09-ABE4-CCEAC021E76E}.Debug|Win32.ActiveCfg = Debug|Win32
		{8E63373B-FD3F-4D09-ABE4-CCEAC021E76E}.Debug|Win32.Build.0 = Debug|Win32
		{8E63373B-FD3F-4D09-ABE4-CCEAC021E76E}.Release|Win32.ActiveCfg = Release|Win32
		{8E63373B-FD3F-4D09-ABE4-CCEAC021E76E}.Release|Win32.Build.0 = Release|Win32
	EndGlobalSection
	GlobalSection(SolutionProperties) = preSolution
		HideSolutionNode = FALSE
	EndGlobalSection
EndGlobal
